
Microsoft Visual Studio Solution File, Format Version 12.00
# Visual Studio Version 17
VisualStudioVersion = 17.10.35122.118
MinimumVisualStudioVersion = 10.0.40219.1
Project("{FAE04EC0-301F-11D3-BF4B-00C04F79EFBC}") = "ListBoxMoveItems", "ListBoxMoveItems\ListBoxMoveItems.csproj", "{F89EA0C6-B016-4115-B286-893A09371ADF}"
EndProject
Global
	GlobalSection(SolutionConfigurationPlatforms) = preSolution
		Debug|Any CPU = Debug|Any CPU
		Release|Any CPU = Release|Any CPU
	EndGlobalSection
	GlobalSection(ProjectConfigurationPlatforms) = postSolution
		{F89EA0C6-B016-4115-B286-893A09371ADF}.Debug|Any CPU.ActiveCfg = Debug|Any CPU
		{F89EA0C6-B016-4115-B286-893A09371ADF}.Debug|Any CPU.Build.0 = Debug|Any CPU
		{F89EA0C6-B016-4115-B286-893A09371ADF}.Release|Any CPU.ActiveCfg = Release|Any CPU
		{F89EA0C6-B016-4115-B286-893A09371ADF}.Release|Any CPU.Build.0 = Release|Any CPU
	EndGlobalSection
	GlobalSection(SolutionProperties) = preSolution
		HideSolutionNode = FALSE
	EndGlobalSection
	GlobalSection(ExtensibilityGlobals) = postSolution
		SolutionGuid = {FEDA529E-AFA4-4832-A0BD-D6D01DE62915}
	EndGlobalSection
EndGlobal
