
Microsoft Visual Studio Solution File, Format Version 12.00
# Visual Studio Version 17
VisualStudioVersion = 17.10.35122.118
MinimumVisualStudioVersion = 10.0.40219.1
Project("{FAE04EC0-301F-11D3-BF4B-00C04F79EFBC}") = "ExtendedControl", "ExtendedControl\ExtendedControl.csproj", "{6FB9976C-A022-457C-944D-DD33ADD38C0C}"
EndProject
Global
	GlobalSection(SolutionConfigurationPlatforms) = preSolution
		Debug|Any CPU = Debug|Any CPU
		Release|Any CPU = Release|Any CPU
	EndGlobalSection
	GlobalSection(ProjectConfigurationPlatforms) = postSolution
		{6FB9976C-A022-457C-944D-DD33ADD38C0C}.Debug|Any CPU.ActiveCfg = Debug|Any CPU
		{6FB9976C-A022-457C-944D-DD33ADD38C0C}.Debug|Any CPU.Build.0 = Debug|Any CPU
		{6FB9976C-A022-457C-944D-DD33ADD38C0C}.Release|Any CPU.ActiveCfg = Release|Any CPU
		{6FB9976C-A022-457C-944D-DD33ADD38C0C}.Release|Any CPU.Build.0 = Release|Any CPU
	EndGlobalSection
	GlobalSection(SolutionProperties) = preSolution
		HideSolutionNode = FALSE
	EndGlobalSection
	GlobalSection(ExtensibilityGlobals) = postSolution
		SolutionGuid = {A613D9A9-AA2C-458E-9EB6-024C5C769309}
	EndGlobalSection
EndGlobal
